
Microsoft Visual Studio Solution File, Format Version 12.00
# Visual Studio 2012
Project("{FAE04EC0-301F-11D3-BF4B-00C04F79EFBC}") = "TestGit", "TestGit\TestGit.csproj", "{AB2CB756-B8AC-499C-910F-F91C40A51628}"
EndProject
Project("{FAE04EC0-301F-11D3-BF4B-00C04F79EFBC}") = "Test2", "Test2\Test2.csproj", "{1264A4DE-5C99-43B1-A796-0AEC458ACA90}"
EndProject
Global
	GlobalSection(SolutionConfigurationPlatforms) = preSolution
		Debug|Any CPU = Debug|Any CPU
		Release|Any CPU = Release|Any CPU
	EndGlobalSection
	GlobalSection(ProjectConfigurationPlatforms) = postSolution
		{AB2CB756-B8AC-499C-910F-F91C40A51628}.Debug|Any CPU.ActiveCfg = Debug|Any CPU
		{AB2CB756-B8AC-499C-910F-F91C40A51628}.Debug|Any CPU.Build.0 = Debug|Any CPU
		{AB2CB756-B8AC-499C-910F-F91C40A51628}.Release|Any CPU.ActiveCfg = Release|Any CPU
		{AB2CB756-B8AC-499C-910F-F91C40A51628}.Release|Any CPU.Build.0 = Release|Any CPU
		{1264A4DE-5C99-43B1-A796-0AEC458ACA90}.Debug|Any CPU.ActiveCfg = Debug|Any CPU
		{1264A4DE-5C99-43B1-A796-0AEC458ACA90}.Debug|Any CPU.Build.0 = Debug|Any CPU
		{1264A4DE-5C99-43B1-A796-0AEC458ACA90}.Release|Any CPU.ActiveCfg = Release|Any CPU
		{1264A4DE-5C99-43B1-A796-0AEC458ACA90}.Release|Any CPU.Build.0 = Release|Any CPU
	EndGlobalSection
EndGlobal
